<?xml version="1.0" encoding="utf-8"?>
<Project ToolsVersion="4.0" xmlns="http://schemas.microsoft.com/developer/msbuild/2003">
  <ItemGroup>
    <Filter Include="Classes">
      <UniqueIdentifier>{fc5cb953-2953-4968-83b3-39e3ff951754}</UniqueIdentifier>
    </Filter>
    <Filter Include="win32">
      <UniqueIdentifier>{037a9a02-b906-4cc5-ad98-304acd4e25ee}</UniqueIdentifier>
    </Filter>
    <Filter Include="resource">
      <UniqueIdentifier>{2d1d0979-58cd-4ab6-b91c-13650158f1fa}</UniqueIdentifier>
    </Filter>
    <Filter Include="Classes\reader">
      <UniqueIdentifier>{01385639-8517-4bf5-8347-ab50b7ca3d22}</UniqueIdentifier>
    </Filter>
    <Filter Include="Classes\reader\animation">
      <UniqueIdentifier>{aaa0f884-6b9c-4c96-a5f0-43fd90bb29c2}</UniqueIdentifier>
    </Filter>
    <Filter Include="Classes\reader\collider">
      <UniqueIdentifier>{8c0184ad-d145-4157-865d-6ea5cc1e8e8a}</UniqueIdentifier>
    </Filter>
    <Filter Include="Classes\reader\dragonBones">
      <UniqueIdentifier>{bb9fe080-a407-4957-80ed-07a11c82d8e9}</UniqueIdentifier>
    </Filter>
    <Filter Include="Classes\reader\dragonBones\animation">
      <UniqueIdentifier>{bb0235b7-498c-4160-b9ca-45a7e1b45985}</UniqueIdentifier>
    </Filter>
    <Filter Include="Classes\reader\dragonBones\armature">
      <UniqueIdentifier>{5ae24f52-557a-4e04-a45a-07faf330a172}</UniqueIdentifier>
    </Filter>
    <Filter Include="Classes\reader\dragonBones\cocos2dx">
      <UniqueIdentifier>{2550e52b-edcf-4ba8-8d28-94cdd87d7f17}</UniqueIdentifier>
    </Filter>
    <Filter Include="Classes\reader\dragonBones\core">
      <UniqueIdentifier>{fe58bbe7-32bb-4043-8d60-e0992ea9049e}</UniqueIdentifier>
    </Filter>
    <Filter Include="Classes\reader\dragonBones\event">
      <UniqueIdentifier>{7edd6e7a-52c3-4d00-aa20-72ea31c43144}</UniqueIdentifier>
    </Filter>
    <Filter Include="Classes\reader\dragonBones\factory">
      <UniqueIdentifier>{450deaea-135e-4ed8-b1bb-932da7546b0c}</UniqueIdentifier>
    </Filter>
    <Filter Include="Classes\reader\dragonBones\geom">
      <UniqueIdentifier>{4e047b4d-ad7d-464f-a71c-b7c97f3f3d3a}</UniqueIdentifier>
    </Filter>
    <Filter Include="Classes\reader\dragonBones\model">
      <UniqueIdentifier>{03949e78-97fb-45da-8897-5b8ed3deff07}</UniqueIdentifier>
    </Filter>
    <Filter Include="Classes\reader\dragonBones\parser">
      <UniqueIdentifier>{5c91459d-aa6a-49a5-8cc1-e2b08935b8c1}</UniqueIdentifier>
    </Filter>
    <Filter Include="Classes\reader\flatbuffers">
      <UniqueIdentifier>{671f2603-e4fa-4eec-a769-563db42c9e4d}</UniqueIdentifier>
    </Filter>
    <Filter Include="Classes\reader\lua-bindings">
      <UniqueIdentifier>{142692cf-4500-49e9-bfd4-239b2b263404}</UniqueIdentifier>
    </Filter>
    <Filter Include="Classes\reader\lua-bindings\dragonbones">
      <UniqueIdentifier>{bd72c78b-84df-41bd-a33f-30c87c1ee9fa}</UniqueIdentifier>
    </Filter>
    <Filter Include="Classes\reader\lua-bindings\reader">
      <UniqueIdentifier>{f1cbfa5f-c217-4430-82da-a5729c3b8ba8}</UniqueIdentifier>
    </Filter>
    <Filter Include="Classes\reader\ui">
      <UniqueIdentifier>{01a07ca2-ff26-464d-a525-d620e59c9bd3}</UniqueIdentifier>
    </Filter>
  </ItemGroup>
  <ItemGroup>
    <ClInclude Include="..\Classes\AppDelegate.h">
      <Filter>Classes</Filter>
    </ClInclude>
    <ClInclude Include="main.h">
      <Filter>win32</Filter>
    </ClInclude>
    <ClInclude Include="resource.h" />
    <ClInclude Include="SimulatorWin.h" />
    <ClInclude Include="stdafx.h">
      <Filter>win32</Filter>
    </ClInclude>
    <ClInclude Include="targetver.h">
      <Filter>win32</Filter>
    </ClInclude>
    <ClInclude Include="..\Classes\reader\animation\AnimateClip.h">
      <Filter>Classes\reader\animation</Filter>
    </ClInclude>
    <ClInclude Include="..\Classes\reader\animation\AnimationClip.h">
      <Filter>Classes\reader\animation</Filter>
    </ClInclude>
    <ClInclude Include="..\Classes\reader\animation\AnimationClipProperties.h">
      <Filter>Classes\reader\animation</Filter>
    </ClInclude>
    <ClInclude Include="..\Classes\reader\animation\AnimationManager.h">
      <Filter>Classes\reader\animation</Filter>
    </ClInclude>
    <ClInclude Include="..\Classes\reader\animation\Bezier.h">
      <Filter>Classes\reader\animation</Filter>
    </ClInclude>
    <ClInclude Include="..\Classes\reader\animation\Easing.h">
      <Filter>Classes\reader\animation</Filter>
    </ClInclude>
    <ClInclude Include="..\Classes\reader\collider\Collider.h">
      <Filter>Classes\reader\collider</Filter>
    </ClInclude>
    <ClInclude Include="..\Classes\reader\collider\ColliderManager.h">
      <Filter>Classes\reader\collider</Filter>
    </ClInclude>
    <ClInclude Include="..\Classes\reader\collider\Contract.h">
      <Filter>Classes\reader\collider</Filter>
    </ClInclude>
    <ClInclude Include="..\Classes\reader\collider\Intersection.h">
      <Filter>Classes\reader\collider</Filter>
    </ClInclude>
    <ClInclude Include="..\Classes\reader\flatbuffers\code_generators.h">
      <Filter>Classes\reader\flatbuffers</Filter>
    </ClInclude>
    <ClInclude Include="..\Classes\reader\flatbuffers\flatbuffers.h">
      <Filter>Classes\reader\flatbuffers</Filter>
    </ClInclude>
    <ClInclude Include="..\Classes\reader\flatbuffers\grpc.h">
      <Filter>Classes\reader\flatbuffers</Filter>
    </ClInclude>
    <ClInclude Include="..\Classes\reader\flatbuffers\hash.h">
      <Filter>Classes\reader\flatbuffers</Filter>
    </ClInclude>
    <ClInclude Include="..\Classes\reader\flatbuffers\idl.h">
      <Filter>Classes\reader\flatbuffers</Filter>
    </ClInclude>
    <ClInclude Include="..\Classes\reader\flatbuffers\reflection.h">
      <Filter>Classes\reader\flatbuffers</Filter>
    </ClInclude>
    <ClInclude Include="..\Classes\reader\flatbuffers\reflection_generated.h">
      <Filter>Classes\reader\flatbuffers</Filter>
    </ClInclude>
    <ClInclude Include="..\Classes\reader\flatbuffers\util.h">
      <Filter>Classes\reader\flatbuffers</Filter>
    </ClInclude>
    <ClInclude Include="..\Classes\reader\lua-bindings\reader\lua_creator_reader_auto.hpp">
      <Filter>Classes\reader\lua-bindings\reader</Filter>
    </ClInclude>
    <ClInclude Include="..\Classes\reader\lua-bindings\reader\lua_creator_reader_manual.hpp">
      <Filter>Classes\reader\lua-bindings\reader</Filter>
    </ClInclude>
    <ClInclude Include="..\Classes\reader\lua-bindings\creator_reader_bindings.hpp">
      <Filter>Classes\reader\lua-bindings</Filter>
    </ClInclude>
    <ClInclude Include="..\Classes\reader\ui\Button.h">
      <Filter>Classes\reader\ui</Filter>
    </ClInclude>
    <ClInclude Include="..\Classes\reader\ui\Layout.h">
      <Filter>Classes\reader\ui</Filter>
    </ClInclude>
    <ClInclude Include="..\Classes\reader\ui\PageView.h">
      <Filter>Classes\reader\ui</Filter>
    </ClInclude>
    <ClInclude Include="..\Classes\reader\ui\RadioButton.h">
      <Filter>Classes\reader\ui</Filter>
    </ClInclude>
    <ClInclude Include="..\Classes\reader\ui\RadioButtonGroup.h">
      <Filter>Classes\reader\ui</Filter>
    </ClInclude>
    <ClInclude Include="..\Classes\reader\ui\RichText.h">
      <Filter>Classes\reader\ui</Filter>
    </ClInclude>
    <ClInclude Include="..\Classes\reader\ui\RichtextStringVisitor.h">
      <Filter>Classes\reader\ui</Filter>
    </ClInclude>
    <ClInclude Include="..\Classes\reader\ui\ShaderCache.h">
      <Filter>Classes\reader\ui</Filter>
    </ClInclude>
    <ClInclude Include="..\Classes\reader\ui\WidgetExport.h">
      <Filter>Classes\reader\ui</Filter>
    </ClInclude>
    <ClInclude Include="..\Classes\reader\lua-bindings\dragonbones\lua_dragonbones_auto.hpp">
      <Filter>Classes\reader\lua-bindings\dragonbones</Filter>
    </ClInclude>
    <ClInclude Include="..\Classes\reader\lua-bindings\dragonbones\lua_dragonbones_manual.hpp">
      <Filter>Classes\reader\lua-bindings\dragonbones</Filter>
    </ClInclude>
    <ClInclude Include="..\Classes\reader\dragonbones\animation\Animation.h">
      <Filter>Classes\reader\dragonBones\animation</Filter>
    </ClInclude>
    <ClInclude Include="..\Classes\reader\dragonbones\animation\AnimationState.h">
      <Filter>Classes\reader\dragonBones\animation</Filter>
    </ClInclude>
    <ClInclude Include="..\Classes\reader\dragonbones\animation\BaseTimelineState.h">
      <Filter>Classes\reader\dragonBones\animation</Filter>
    </ClInclude>
    <ClInclude Include="..\Classes\reader\dragonbones\animation\IAnimatable.h">
      <Filter>Classes\reader\dragonBones\animation</Filter>
    </ClInclude>
    <ClInclude Include="..\Classes\reader\dragonbones\animation\IAnimateble.h">
      <Filter>Classes\reader\dragonBones\animation</Filter>
    </ClInclude>
    <ClInclude Include="..\Classes\reader\dragonbones\animation\TimelineState.h">
      <Filter>Classes\reader\dragonBones\animation</Filter>
    </ClInclude>
    <ClInclude Include="..\Classes\reader\dragonbones\animation\WorldClock.h">
      <Filter>Classes\reader\dragonBones\animation</Filter>
    </ClInclude>
    <ClInclude Include="..\Classes\reader\dragonbones\armature\Armature.h">
      <Filter>Classes\reader\dragonBones\armature</Filter>
    </ClInclude>
    <ClInclude Include="..\Classes\reader\dragonbones\armature\Bone.h">
      <Filter>Classes\reader\dragonBones\armature</Filter>
    </ClInclude>
    <ClInclude Include="..\Classes\reader\dragonbones\armature\Constraint.h">
      <Filter>Classes\reader\dragonBones\armature</Filter>
    </ClInclude>
    <ClInclude Include="..\Classes\reader\dragonbones\armature\DeformVertices.h">
      <Filter>Classes\reader\dragonBones\armature</Filter>
    </ClInclude>
    <ClInclude Include="..\Classes\reader\dragonbones\armature\IArmatureDisplay.h">
      <Filter>Classes\reader\dragonBones\armature</Filter>
    </ClInclude>
    <ClInclude Include="..\Classes\reader\dragonbones\armature\IArmatureProxy.h">
      <Filter>Classes\reader\dragonBones\armature</Filter>
    </ClInclude>
    <ClInclude Include="..\Classes\reader\dragonbones\armature\Slot.h">
      <Filter>Classes\reader\dragonBones\armature</Filter>
    </ClInclude>
    <ClInclude Include="..\Classes\reader\dragonbones\armature\TransformObject.h">
      <Filter>Classes\reader\dragonBones\armature</Filter>
    </ClInclude>
    <ClInclude Include="..\Classes\reader\dragonbones\cocos2dx\CCArmatureDisplay.h">
      <Filter>Classes\reader\dragonBones\cocos2dx</Filter>
    </ClInclude>
    <ClInclude Include="..\Classes\reader\dragonbones\cocos2dx\CCDragonBonesHeaders.h">
      <Filter>Classes\reader\dragonBones\cocos2dx</Filter>
    </ClInclude>
    <ClInclude Include="..\Classes\reader\dragonbones\cocos2dx\CCFactory.h">
      <Filter>Classes\reader\dragonBones\cocos2dx</Filter>
    </ClInclude>
    <ClInclude Include="..\Classes\reader\dragonbones\cocos2dx\CCSlot.h">
      <Filter>Classes\reader\dragonBones\cocos2dx</Filter>
    </ClInclude>
    <ClInclude Include="..\Classes\reader\dragonbones\cocos2dx\CCTextureAtlasData.h">
      <Filter>Classes\reader\dragonBones\cocos2dx</Filter>
    </ClInclude>
    <ClInclude Include="..\Classes\reader\dragonbones\core\BaseObject.h">
      <Filter>Classes\reader\dragonBones\core</Filter>
    </ClInclude>
    <ClInclude Include="..\Classes\reader\dragonbones\core\DragonBones.h">
      <Filter>Classes\reader\dragonBones\core</Filter>
    </ClInclude>
    <ClInclude Include="..\Classes\reader\dragonbones\event\EventObject.h">
      <Filter>Classes\reader\dragonBones\event</Filter>
    </ClInclude>
    <ClInclude Include="..\Classes\reader\dragonbones\event\IEventDispatcher.h">
      <Filter>Classes\reader\dragonBones\event</Filter>
    </ClInclude>
    <ClInclude Include="..\Classes\reader\dragonbones\geom\ColorTransform.h">
      <Filter>Classes\reader\dragonBones\geom</Filter>
    </ClInclude>
    <ClInclude Include="..\Classes\reader\dragonbones\geom\Matrix.h">
      <Filter>Classes\reader\dragonBones\geom</Filter>
    </ClInclude>
    <ClInclude Include="..\Classes\reader\dragonbones\geom\Point.h">
      <Filter>Classes\reader\dragonBones\geom</Filter>
    </ClInclude>
    <ClInclude Include="..\Classes\reader\dragonbones\geom\Rectangle.h">
      <Filter>Classes\reader\dragonBones\geom</Filter>
    </ClInclude>
    <ClInclude Include="..\Classes\reader\dragonbones\geom\Transform.h">
      <Filter>Classes\reader\dragonBones\geom</Filter>
    </ClInclude>
    <ClInclude Include="..\Classes\reader\dragonbones\model\AnimationConfig.h">
      <Filter>Classes\reader\dragonBones\model</Filter>
    </ClInclude>
    <ClInclude Include="..\Classes\reader\dragonbones\model\AnimationData.h">
      <Filter>Classes\reader\dragonBones\model</Filter>
    </ClInclude>
    <ClInclude Include="..\Classes\reader\dragonbones\model\ArmatureData.h">
      <Filter>Classes\reader\dragonBones\model</Filter>
    </ClInclude>
    <ClInclude Include="..\Classes\reader\dragonbones\model\BoundingBoxData.h">
      <Filter>Classes\reader\dragonBones\model</Filter>
    </ClInclude>
    <ClInclude Include="..\Classes\reader\dragonbones\model\CanvasData.h">
      <Filter>Classes\reader\dragonBones\model</Filter>
    </ClInclude>
    <ClInclude Include="..\Classes\reader\dragonbones\model\ConstraintData.h">
      <Filter>Classes\reader\dragonBones\model</Filter>
    </ClInclude>
    <ClInclude Include="..\Classes\reader\dragonbones\model\DisplayData.h">
      <Filter>Classes\reader\dragonBones\model</Filter>
    </ClInclude>
    <ClInclude Include="..\Classes\reader\dragonbones\model\DragonBonesData.h">
      <Filter>Classes\reader\dragonBones\model</Filter>
    </ClInclude>
    <ClInclude Include="..\Classes\reader\dragonbones\model\SkinData.h">
      <Filter>Classes\reader\dragonBones\model</Filter>
    </ClInclude>
    <ClInclude Include="..\Classes\reader\dragonbones\model\TextureAtlasData.h">
      <Filter>Classes\reader\dragonBones\model</Filter>
    </ClInclude>
    <ClInclude Include="..\Classes\reader\dragonbones\model\UserData.h">
      <Filter>Classes\reader\dragonBones\model</Filter>
    </ClInclude>
    <ClInclude Include="..\Classes\reader\dragonbones\parser\BinaryDataParser.h">
      <Filter>Classes\reader\dragonBones\parser</Filter>
    </ClInclude>
    <ClInclude Include="..\Classes\reader\dragonbones\parser\DataParser.h">
      <Filter>Classes\reader\dragonBones\parser</Filter>
    </ClInclude>
    <ClInclude Include="..\Classes\reader\dragonbones\parser\JSONDataParser.h">
      <Filter>Classes\reader\dragonBones\parser</Filter>
    </ClInclude>
    <ClInclude Include="..\Classes\reader\dragonbones\factory\BaseFactory.h">
      <Filter>Classes\reader\dragonBones\factory</Filter>
    </ClInclude>
    <ClInclude Include="..\Classes\reader\CreatorReader.h">
      <Filter>Classes\reader</Filter>
    </ClInclude>
    <ClInclude Include="..\Classes\reader\CreatorReader_generated.h">
      <Filter>Classes\reader</Filter>
    </ClInclude>
    <ClInclude Include="..\Classes\reader\Macros.h">
      <Filter>Classes\reader</Filter>
    </ClInclude>
  </ItemGroup>
  <ItemGroup>
    <ClCompile Include="..\Classes\AppDelegate.cpp">
      <Filter>Classes</Filter>
    </ClCompile>
    <ClCompile Include="main.cpp">
      <Filter>win32</Filter>
    </ClCompile>
    <ClCompile Include="SimulatorWin.cpp" />
    <ClCompile Include="stdafx.cpp">
      <Filter>win32</Filter>
    </ClCompile>
    <ClCompile Include="..\Classes\reader\animation\AnimateClip.cpp">
      <Filter>Classes\reader\animation</Filter>
    </ClCompile>
    <ClCompile Include="..\Classes\reader\animation\AnimationClip.cpp">
      <Filter>Classes\reader\animation</Filter>
    </ClCompile>
    <ClCompile Include="..\Classes\reader\animation\AnimationManager.cpp">
      <Filter>Classes\reader\animation</Filter>
    </ClCompile>
    <ClCompile Include="..\Classes\reader\animation\Bezier.cpp">
      <Filter>Classes\reader\animation</Filter>
    </ClCompile>
    <ClCompile Include="..\Classes\reader\animation\Easing.cpp">
      <Filter>Classes\reader\animation</Filter>
    </ClCompile>
    <ClCompile Include="..\Classes\reader\collider\Collider.cpp">
      <Filter>Classes\reader\collider</Filter>
    </ClCompile>
    <ClCompile Include="..\Classes\reader\collider\ColliderManager.cpp">
      <Filter>Classes\reader\collider</Filter>
    </ClCompile>
    <ClCompile Include="..\Classes\reader\collider\Contract.cpp">
      <Filter>Classes\reader\collider</Filter>
    </ClCompile>
    <ClCompile Include="..\Classes\reader\collider\Intersection.cpp">
      <Filter>Classes\reader\collider</Filter>
    </ClCompile>
    <ClCompile Include="..\Classes\reader\lua-bindings\reader\lua_creator_reader_auto.cpp">
      <Filter>Classes\reader\lua-bindings\reader</Filter>
    </ClCompile>
    <ClCompile Include="..\Classes\reader\lua-bindings\reader\lua_creator_reader_manual.cpp">
      <Filter>Classes\reader\lua-bindings\reader</Filter>
    </ClCompile>
    <ClCompile Include="..\Classes\reader\lua-bindings\creator_reader_bindings.cpp">
      <Filter>Classes\reader\lua-bindings</Filter>
    </ClCompile>
    <ClCompile Include="..\Classes\reader\ui\Button.cpp">
      <Filter>Classes\reader\ui</Filter>
    </ClCompile>
    <ClCompile Include="..\Classes\reader\ui\Layout.cpp">
      <Filter>Classes\reader\ui</Filter>
    </ClCompile>
    <ClCompile Include="..\Classes\reader\ui\PageView.cpp">
      <Filter>Classes\reader\ui</Filter>
    </ClCompile>
    <ClCompile Include="..\Classes\reader\ui\RadioButton.cpp">
      <Filter>Classes\reader\ui</Filter>
    </ClCompile>
    <ClCompile Include="..\Classes\reader\ui\RadioButtonGroup.cpp">
      <Filter>Classes\reader\ui</Filter>
    </ClCompile>
    <ClCompile Include="..\Classes\reader\ui\RichText.cpp">
      <Filter>Classes\reader\ui</Filter>
    </ClCompile>
    <ClCompile Include="..\Classes\reader\ui\RichtextStringVisitor.cpp">
      <Filter>Classes\reader\ui</Filter>
    </ClCompile>
    <ClCompile Include="..\Classes\reader\ui\ShaderCache.cpp">
      <Filter>Classes\reader\ui</Filter>
    </ClCompile>
    <ClCompile Include="..\Classes\reader\ui\WidgetExport.cpp">
      <Filter>Classes\reader\ui</Filter>
    </ClCompile>
    <ClCompile Include="..\Classes\reader\lua-bindings\dragonbones\lua_dragonbones_auto.cpp">
      <Filter>Classes\reader\lua-bindings\dragonbones</Filter>
    </ClCompile>
    <ClCompile Include="..\Classes\reader\lua-bindings\dragonbones\lua_dragonbones_manual.cpp">
      <Filter>Classes\reader\lua-bindings\dragonbones</Filter>
    </ClCompile>
    <ClCompile Include="..\Classes\reader\dragonbones\animation\Animation.cpp">
      <Filter>Classes\reader\dragonBones\animation</Filter>
    </ClCompile>
    <ClCompile Include="..\Classes\reader\dragonbones\animation\AnimationState.cpp">
      <Filter>Classes\reader\dragonBones\animation</Filter>
    </ClCompile>
    <ClCompile Include="..\Classes\reader\dragonbones\animation\BaseTimelineState.cpp">
      <Filter>Classes\reader\dragonBones\animation</Filter>
    </ClCompile>
    <ClCompile Include="..\Classes\reader\dragonbones\animation\TimelineState.cpp">
      <Filter>Classes\reader\dragonBones\animation</Filter>
    </ClCompile>
    <ClCompile Include="..\Classes\reader\dragonbones\animation\WorldClock.cpp">
      <Filter>Classes\reader\dragonBones\animation</Filter>
    </ClCompile>
    <ClCompile Include="..\Classes\reader\dragonbones\armature\Armature.cpp">
      <Filter>Classes\reader\dragonBones\armature</Filter>
    </ClCompile>
    <ClCompile Include="..\Classes\reader\dragonbones\armature\Bone.cpp">
      <Filter>Classes\reader\dragonBones\armature</Filter>
    </ClCompile>
    <ClCompile Include="..\Classes\reader\dragonbones\armature\Constraint.cpp">
      <Filter>Classes\reader\dragonBones\armature</Filter>
    </ClCompile>
    <ClCompile Include="..\Classes\reader\dragonbones\armature\DeformVertices.cpp">
      <Filter>Classes\reader\dragonBones\armature</Filter>
    </ClCompile>
    <ClCompile Include="..\Classes\reader\dragonbones\armature\Slot.cpp">
      <Filter>Classes\reader\dragonBones\armature</Filter>
    </ClCompile>
    <ClCompile Include="..\Classes\reader\dragonbones\armature\TransformObject.cpp">
      <Filter>Classes\reader\dragonBones\armature</Filter>
    </ClCompile>
    <ClCompile Include="..\Classes\reader\dragonbones\cocos2dx\CCArmatureDisplay.cpp">
      <Filter>Classes\reader\dragonBones\cocos2dx</Filter>
    </ClCompile>
    <ClCompile Include="..\Classes\reader\dragonbones\cocos2dx\CCFactory.cpp">
      <Filter>Classes\reader\dragonBones\cocos2dx</Filter>
    </ClCompile>
    <ClCompile Include="..\Classes\reader\dragonbones\cocos2dx\CCSlot.cpp">
      <Filter>Classes\reader\dragonBones\cocos2dx</Filter>
    </ClCompile>
    <ClCompile Include="..\Classes\reader\dragonbones\cocos2dx\CCTextureAtlasData.cpp">
      <Filter>Classes\reader\dragonBones\cocos2dx</Filter>
    </ClCompile>
    <ClCompile Include="..\Classes\reader\dragonbones\core\BaseObject.cpp">
      <Filter>Classes\reader\dragonBones\core</Filter>
    </ClCompile>
    <ClCompile Include="..\Classes\reader\dragonbones\core\DragonBones.cpp">
      <Filter>Classes\reader\dragonBones\core</Filter>
    </ClCompile>
    <ClCompile Include="..\Classes\reader\dragonbones\event\EventObject.cpp">
      <Filter>Classes\reader\dragonBones\event</Filter>
    </ClCompile>
    <ClCompile Include="..\Classes\reader\dragonbones\geom\Point.cpp">
      <Filter>Classes\reader\dragonBones\geom</Filter>
    </ClCompile>
    <ClCompile Include="..\Classes\reader\dragonbones\geom\Transform.cpp">
      <Filter>Classes\reader\dragonBones\geom</Filter>
    </ClCompile>
    <ClCompile Include="..\Classes\reader\dragonbones\model\AnimationConfig.cpp">
      <Filter>Classes\reader\dragonBones\model</Filter>
    </ClCompile>
    <ClCompile Include="..\Classes\reader\dragonbones\model\AnimationData.cpp">
      <Filter>Classes\reader\dragonBones\model</Filter>
    </ClCompile>
    <ClCompile Include="..\Classes\reader\dragonbones\model\ArmatureData.cpp">
      <Filter>Classes\reader\dragonBones\model</Filter>
    </ClCompile>
    <ClCompile Include="..\Classes\reader\dragonbones\model\BoundingBoxData.cpp">
      <Filter>Classes\reader\dragonBones\model</Filter>
    </ClCompile>
    <ClCompile Include="..\Classes\reader\dragonbones\model\CanvasData.cpp">
      <Filter>Classes\reader\dragonBones\model</Filter>
    </ClCompile>
    <ClCompile Include="..\Classes\reader\dragonbones\model\ConstraintData.cpp">
      <Filter>Classes\reader\dragonBones\model</Filter>
    </ClCompile>
    <ClCompile Include="..\Classes\reader\dragonbones\model\DisplayData.cpp">
      <Filter>Classes\reader\dragonBones\model</Filter>
    </ClCompile>
    <ClCompile Include="..\Classes\reader\dragonbones\model\DragonBonesData.cpp">
      <Filter>Classes\reader\dragonBones\model</Filter>
    </ClCompile>
    <ClCompile Include="..\Classes\reader\dragonbones\model\SkinData.cpp">
      <Filter>Classes\reader\dragonBones\model</Filter>
    </ClCompile>
    <ClCompile Include="..\Classes\reader\dragonbones\model\TextureAtlasData.cpp">
      <Filter>Classes\reader\dragonBones\model</Filter>
    </ClCompile>
    <ClCompile Include="..\Classes\reader\dragonbones\model\UserData.cpp">
      <Filter>Classes\reader\dragonBones\model</Filter>
    </ClCompile>
    <ClCompile Include="..\Classes\reader\dragonbones\parser\BinaryDataParser.cpp">
      <Filter>Classes\reader\dragonBones\parser</Filter>
    </ClCompile>
    <ClCompile Include="..\Classes\reader\dragonbones\parser\DataParser.cpp">
      <Filter>Classes\reader\dragonBones\parser</Filter>
    </ClCompile>
    <ClCompile Include="..\Classes\reader\dragonbones\parser\JSONDataParser.cpp">
      <Filter>Classes\reader\dragonBones\parser</Filter>
    </ClCompile>
    <ClCompile Include="..\Classes\reader\dragonbones\factory\BaseFactory.cpp">
      <Filter>Classes\reader\dragonBones\factory</Filter>
    </ClCompile>
    <ClCompile Include="..\Classes\reader\CreatorReader.cpp">
      <Filter>Classes\reader</Filter>
    </ClCompile>
  </ItemGroup>
  <ItemGroup>
    <ResourceCompile Include="game.rc">
      <Filter>resource</Filter>
    </ResourceCompile>
  </ItemGroup>
  <ItemGroup>
    <Image Include="res\game.ico" />
  </ItemGroup>
</Project>